
Microsoft Visual Studio Solution File, Format Version 12.00
# Visual Studio Version 17
VisualStudioVersion = 17.4.33403.182
MinimumVisualStudioVersion = 10.0.40219.1
Project("{9A19103F-16F7-4668-BE54-9A1E7A4F7556}") = "LiteDB.Studio.Cross", "LiteDB.Studio.Cross\LiteDB.Studio.Cross.csproj", "{81DD4D2E-92B6-4630-A483-FCD921261EE3}"
	ProjectSection(ProjectDependencies) = postProject
		{2968D345-BE05-4B09-9CF2-F3DCBD693D6E} = {2968D345-BE05-4B09-9CF2-F3DCBD693D6E}
		{892E7A2A-77EA-4EF1-9396-F589D5590E30} = {892E7A2A-77EA-4EF1-9396-F589D5590E30}
	EndProjectSection
EndProject
Project("{9A19103F-16F7-4668-BE54-9A1E7A4F7556}") = "DatabaseGenerator", "DatabaseGenerator\DatabaseGenerator.csproj", "{FC25A3D0-0BB1-435A-9BC1-2690CD2DF2A9}"
EndProject
Project("{9A19103F-16F7-4668-BE54-9A1E7A4F7556}") = "TestDataGridView", "TestDataGridView\TestDataGridView.csproj", "{32EBF6C1-3B58-49B0-BDE7-F1E9FB11ECA0}"
EndProject
Project("{9A19103F-16F7-4668-BE54-9A1E7A4F7556}") = "ClassGenerationExample", "ClassGenerationExample\ClassGenerationExample.csproj", "{5A001616-9A8C-4942-A989-37AED21F1AFE}"
EndProject
Project("{9A19103F-16F7-4668-BE54-9A1E7A4F7556}") = "LiteDB.Studio.Cross.Contracts", "LiteDB.Studio.Cross.Contracts\LiteDB.Studio.Cross.Contracts.csproj", "{892E7A2A-77EA-4EF1-9396-F589D5590E30}"
EndProject
Project("{9A19103F-16F7-4668-BE54-9A1E7A4F7556}") = "LiteDB.Studio.Cross.DbCommunicationV5", "LiteDB.Studio.Cross.DbCommunicationV5\LiteDB.Studio.Cross.DbCommunicationV5.csproj", "{2968D345-BE05-4B09-9CF2-F3DCBD693D6E}"
EndProject
Project("{9A19103F-16F7-4668-BE54-9A1E7A4F7556}") = "LiteDB.Studio.Cross.DbCommunicationV4", "LiteDB.Studio.Cross.DbCommunicationV4\LiteDB.Studio.Cross.DbCommunicationV4.csproj", "{C1815D25-E66D-4DA3-9F2F-2B03A7B5E4B4}"
EndProject
Global
	GlobalSection(SolutionConfigurationPlatforms) = preSolution
		Debug|Any CPU = Debug|Any CPU
		Release|Any CPU = Release|Any CPU
	EndGlobalSection
	GlobalSection(ProjectConfigurationPlatforms) = postSolution
		{81DD4D2E-92B6-4630-A483-FCD921261EE3}.Debug|Any CPU.ActiveCfg = Debug|Any CPU
		{81DD4D2E-92B6-4630-A483-FCD921261EE3}.Debug|Any CPU.Build.0 = Debug|Any CPU
		{81DD4D2E-92B6-4630-A483-FCD921261EE3}.Release|Any CPU.ActiveCfg = Release|Any CPU
		{81DD4D2E-92B6-4630-A483-FCD921261EE3}.Release|Any CPU.Build.0 = Release|Any CPU
		{FC25A3D0-0BB1-435A-9BC1-2690CD2DF2A9}.Debug|Any CPU.ActiveCfg = Debug|Any CPU
		{FC25A3D0-0BB1-435A-9BC1-2690CD2DF2A9}.Debug|Any CPU.Build.0 = Debug|Any CPU
		{FC25A3D0-0BB1-435A-9BC1-2690CD2DF2A9}.Release|Any CPU.ActiveCfg = Release|Any CPU
		{FC25A3D0-0BB1-435A-9BC1-2690CD2DF2A9}.Release|Any CPU.Build.0 = Release|Any CPU
		{32EBF6C1-3B58-49B0-BDE7-F1E9FB11ECA0}.Debug|Any CPU.ActiveCfg = Debug|Any CPU
		{32EBF6C1-3B58-49B0-BDE7-F1E9FB11ECA0}.Debug|Any CPU.Build.0 = Debug|Any CPU
		{32EBF6C1-3B58-49B0-BDE7-F1E9FB11ECA0}.Release|Any CPU.ActiveCfg = Release|Any CPU
		{32EBF6C1-3B58-49B0-BDE7-F1E9FB11ECA0}.Release|Any CPU.Build.0 = Release|Any CPU
		{5A001616-9A8C-4942-A989-37AED21F1AFE}.Debug|Any CPU.ActiveCfg = Debug|Any CPU
		{5A001616-9A8C-4942-A989-37AED21F1AFE}.Debug|Any CPU.Build.0 = Debug|Any CPU
		{5A001616-9A8C-4942-A989-37AED21F1AFE}.Release|Any CPU.ActiveCfg = Release|Any CPU
		{5A001616-9A8C-4942-A989-37AED21F1AFE}.Release|Any CPU.Build.0 = Release|Any CPU
		{892E7A2A-77EA-4EF1-9396-F589D5590E30}.Debug|Any CPU.ActiveCfg = Debug|Any CPU
		{892E7A2A-77EA-4EF1-9396-F589D5590E30}.Debug|Any CPU.Build.0 = Debug|Any CPU
		{892E7A2A-77EA-4EF1-9396-F589D5590E30}.Release|Any CPU.ActiveCfg = Release|Any CPU
		{892E7A2A-77EA-4EF1-9396-F589D5590E30}.Release|Any CPU.Build.0 = Release|Any CPU
		{2968D345-BE05-4B09-9CF2-F3DCBD693D6E}.Debug|Any CPU.ActiveCfg = Debug|Any CPU
		{2968D345-BE05-4B09-9CF2-F3DCBD693D6E}.Debug|Any CPU.Build.0 = Debug|Any CPU
		{2968D345-BE05-4B09-9CF2-F3DCBD693D6E}.Release|Any CPU.ActiveCfg = Release|Any CPU
		{2968D345-BE05-4B09-9CF2-F3DCBD693D6E}.Release|Any CPU.Build.0 = Release|Any CPU
		{C1815D25-E66D-4DA3-9F2F-2B03A7B5E4B4}.Debug|Any CPU.ActiveCfg = Debug|Any CPU
		{C1815D25-E66D-4DA3-9F2F-2B03A7B5E4B4}.Debug|Any CPU.Build.0 = Debug|Any CPU
		{C1815D25-E66D-4DA3-9F2F-2B03A7B5E4B4}.Release|Any CPU.ActiveCfg = Release|Any CPU
		{C1815D25-E66D-4DA3-9F2F-2B03A7B5E4B4}.Release|Any CPU.Build.0 = Release|Any CPU
	EndGlobalSection
	GlobalSection(SolutionProperties) = preSolution
		HideSolutionNode = FALSE
	EndGlobalSection
	GlobalSection(ExtensibilityGlobals) = postSolution
		SolutionGuid = {D0FB1825-FD3A-48F6-970F-9CB3404DE4A1}
	EndGlobalSection
EndGlobal
